// !$*UTF8*$!
{
	archiveVersion = 1;
	classes = {
	};
	objectVersion = 46;
	objects = {

/* Begin PBXBuildFile section */
		18064CC51BA6A702007937ED /* main.m in Sources */ = {isa = PBXBuildFile; fileRef = 18064CC41BA6A702007937ED /* main.m */; };
		18064CC81BA6A702007937ED /* AppDelegate.m in Sources */ = {isa = PBXBuildFile; fileRef = 18064CC71BA6A702007937ED /* AppDelegate.m */; };
		18064CCB1BA6A702007937ED /* ViewController.m in Sources */ = {isa = PBXBuildFile; fileRef = 18064CCA1BA6A702007937ED /* ViewController.m */; };
		18064CCE1BA6A702007937ED /* Main.storyboard in Resources */ = {isa = PBXBuildFile; fileRef = 18064CCC1BA6A702007937ED /* Main.storyboard */; };
		18064CD01BA6A702007937ED /* Images.xcassets in Resources */ = {isa = PBXBuildFile; fileRef = 18064CCF1BA6A702007937ED /* Images.xcassets */; };
		18064CD31BA6A702007937ED /* LaunchScreen.xib in Resources */ = {isa = PBXBuildFile; fileRef = 18064CD11BA6A702007937ED /* LaunchScreen.xib */; };
		18064CDF1BA6A702007937ED /* customPickViewTests.m in Sources */ = {isa = PBXBuildFile; fileRef = 18064CDE1BA6A702007937ED /* customPickViewTests.m */; };
		18064CEA1BA6A91B007937ED /* LJJCustomPickView.m in Sources */ = {isa = PBXBuildFile; fileRef = 18064CE91BA6A91B007937ED /* LJJCustomPickView.m */; };
		18064CEC1BA6A93F007937ED /* LJJCustomPickView.xib in Resources */ = {isa = PBXBuildFile; fileRef = 18064CEB1BA6A93F007937ED /* LJJCustomPickView.xib */; };
/* End PBXBuildFile section */

/* Begin PBXContainerItemProxy section */
		18064CD91BA6A702007937ED /* PBXContainerItemProxy */ = {
			isa = PBXContainerItemProxy;
			containerPortal = 18064CB71BA6A702007937ED /* Project object */;
			proxyType = 1;
			remoteGlobalIDString = 18064CBE1BA6A702007937ED;
			remoteInfo = customPickView;
		};
/* End PBXContainerItemProxy section */

/* Begin PBXFileReference section */
		18064CBF1BA6A702007937ED /* customPickView.app */ = {isa = PBXFileReference; explicitFileType = wrapper.application; includeInIndex = 0; path = customPickView.app; sourceTree = BUILT_PRODUCTS_DIR; };
		18064CC31BA6A702007937ED /* Info.plist */ = {isa = PBXFileReference; lastKnownFileType = text.plist.xml; path = Info.plist; sourceTree = "<group>"; };
		18064CC41BA6A702007937ED /* main.m */ = {isa = PBXFileReference; lastKnownFileType = sourcecode.c.objc; path = main.m; sourceTree = "<group>"; };
		18064CC61BA6A702007937ED /* AppDelegate.h */ = {isa = PBXFileReference; lastKnownFileType = sourcecode.c.h; path = AppDelegate.h; sourceTree = "<group>"; };
		18064CC71BA6A702007937ED /* AppDelegate.m */ = {isa = PBXFileReference; lastKnownFileType = sourcecode.c.objc; path = AppDelegate.m; sourceTree = "<group>"; };
		18064CC91BA6A702007937ED /* ViewController.h */ = {isa = PBXFileReference; lastKnownFileType = sourcecode.c.h; path = ViewController.h; sourceTree = "<group>"; };
		18064CCA1BA6A702007937ED /* ViewController.m */ = {isa = PBXFileReference; lastKnownFileType = sourcecode.c.objc; path = ViewController.m; sourceTree = "<group>"; };
		18064CCD1BA6A702007937ED /* Base */ = {isa = PBXFileReference; lastKnownFileType = file.storyboard; name = Base; path = Base.lproj/Main.storyboard; sourceTree = "<group>"; };
		18064CCF1BA6A702007937ED /* Images.xcassets */ = {isa = PBXFileReference; lastKnownFileType = folder.assetcatalog; path = Images.xcassets; sourceTree = "<group>"; };
		18064CD21BA6A702007937ED /* Base */ = {isa = PBXFileReference; lastKnownFileType = file.xib; name = Base; path = Base.lproj/LaunchScreen.xib; sourceTree = "<group>"; };
		18064CD81BA6A702007937ED /* customPickViewTests.xctest */ = {isa = PBXFileReference; explicitFileType = wrapper.cfbundle; includeInIndex = 0; path = customPickViewTests.xctest; sourceTree = BUILT_PRODUCTS_DIR; };
		18064CDD1BA6A702007937ED /* Info.plist */ = {isa = PBXFileReference; lastKnownFileType = text.plist.xml; path = Info.plist; sourceTree = "<group>"; };
		18064CDE1BA6A702007937ED /* customPickViewTests.m */ = {isa = PBXFileReference; lastKnownFileType = sourcecode.c.objc; path = customPickViewTests.m; sourceTree = "<group>"; };
		18064CE81BA6A91B007937ED /* LJJCustomPickView.h */ = {isa = PBXFileReference; fileEncoding = 4; lastKnownFileType = sourcecode.c.h; path = LJJCustomPickView.h; sourceTree = "<group>"; };
		18064CE91BA6A91B007937ED /* LJJCustomPickView.m */ = {isa = PBXFileReference; fileEncoding = 4; lastKnownFileType = sourcecode.c.objc; path = LJJCustomPickView.m; sourceTree = "<group>"; };
		18064CEB1BA6A93F007937ED /* LJJCustomPickView.xib */ = {isa = PBXFileReference; fileEncoding = 4; lastKnownFileType = file.xib; path = LJJCustomPickView.xib; sourceTree = "<group>"; };
/* End PBXFileReference section */

/* Begin PBXFrameworksBuildPhase section */
		18064CBC1BA6A702007937ED /* Frameworks */ = {
			isa = PBXFrameworksBuildPhase;
			buildActionMask = 2147483647;
			files = (
			);
			runOnlyForDeploymentPostprocessing = 0;
		};
		18064CD51BA6A702007937ED /* Frameworks */ = {
			isa = PBXFrameworksBuildPhase;
			buildActionMask = 2147483647;
			files = (
			);
			runOnlyForDeploymentPostprocessing = 0;
		};
/* End PBXFrameworksBuildPhase section */

/* Begin PBXGroup section */
		18064CB61BA6A702007937ED = {
			isa = PBXGroup;
			children = (
				18064CC11BA6A702007937ED /* customPickView */,
				18064CDB1BA6A702007937ED /* customPickViewTests */,
				18064CC01BA6A702007937ED /* Products */,
			);
			sourceTree = "<group>";
		};
		18064CC01BA6A702007937ED /* Products */ = {
			isa = PBXGroup;
			children = (
				18064CBF1BA6A702007937ED /* customPickView.app */,
				18064CD81BA6A702007937ED /* customPickViewTests.xctest */,
			);
			name = Products;
			sourceTree = "<group>";
		};
		18064CC11BA6A702007937ED /* customPickView */ = {
			isa = PBXGroup;
			children = (
				18064CC61BA6A702007937ED /* AppDelegate.h */,
				18064CC71BA6A702007937ED /* AppDelegate.m */,
				18064CC91BA6A702007937ED /* ViewController.h */,
				18064CCA1BA6A702007937ED /* ViewController.m */,
				18064CE81BA6A91B007937ED /* LJJCustomPickView.h */,
				18064CE91BA6A91B007937ED /* LJJCustomPickView.m */,
				18064CEB1BA6A93F007937ED /* LJJCustomPickView.xib */,
				18064CCC1BA6A702007937ED /* Main.storyboard */,
				18064CCF1BA6A702007937ED /* Images.xcassets */,
				18064CD11BA6A702007937ED /* LaunchScreen.xib */,
				18064CC21BA6A702007937ED /* Supporting Files */,
			);
			path = customPickView;
			sourceTree = "<group>";
		};
		18064CC21BA6A702007937ED /* Supporting Files */ = {
			isa = PBXGroup;
			children = (
				18064CC31BA6A702007937ED /* Info.plist */,
				18064CC41BA6A702007937ED /* main.m */,
			);
			name = "Supporting Files";
			sourceTree = "<group>";
		};
		18064CDB1BA6A702007937ED /* customPickViewTests */ = {
			isa = PBXGroup;
			children = (
				18064CDE1BA6A702007937ED /* customPickViewTests.m */,
				18064CDC1BA6A702007937ED /* Supporting Files */,
			);
			path = customPickViewTests;
			sourceTree = "<group>";
		};
		18064CDC1BA6A702007937ED /* Supporting Files */ = {
			isa = PBXGroup;
			children = (
				18064CDD1BA6A702007937ED /* Info.plist */,
			);
			name = "Supporting Files";
			sourceTree = "<group>";
		};
/* End PBXGroup section */

/* Begin PBXNativeTarget section */
		18064CBE1BA6A702007937ED /* customPickView */ = {
			isa = PBXNativeTarget;
			buildConfigurationList = 18064CE21BA6A702007937ED /* Build configuration list for PBXNativeTarget "customPickView" */;
			buildPhases = (
				18064CBB1BA6A702007937ED /* Sources */,
				18064CBC1BA6A702007937ED /* Frameworks */,
				18064CBD1BA6A702007937ED /* Resources */,
			);
			buildRules = (
			);
			dependencies = (
			);
			name = customPickView;
			productName = customPickView;
			productReference = 18064CBF1BA6A702007937ED /* customPickView.app */;
			productType = "com.apple.product-type.application";
		};
		18064CD71BA6A702007937ED /* customPickViewTests */ = {
			isa = PBXNativeTarget;
			buildConfigurationList = 18064CE51BA6A702007937ED /* Build configuration list for PBXNativeTarget "customPickViewTests" */;
			buildPhases = (
				18064CD41BA6A702007937ED /* Sources */,
				18064CD51BA6A702007937ED /* Frameworks */,
				18064CD61BA6A702007937ED /* Resources */,
			);
			buildRules = (
			);
			dependencies = (
				18064CDA1BA6A702007937ED /* PBXTargetDependency */,
			);
			name = customPickViewTests;
			productName = customPickViewTests;
			productReference = 18064CD81BA6A702007937ED /* customPickViewTests.xctest */;
			productType = "com.apple.product-type.bundle.unit-test";
		};
/* End PBXNativeTarget section */

/* Begin PBXProject section */
		18064CB71BA6A702007937ED /* Project object */ = {
			isa = PBXProject;
			attributes = {
				LastUpgradeCheck = 0640;
				ORGANIZATIONNAME = "李经晶";
				TargetAttributes = {
					18064CBE1BA6A702007937ED = {
						CreatedOnToolsVersion = 6.4;
					};
					18064CD71BA6A702007937ED = {
						CreatedOnToolsVersion = 6.4;
						TestTargetID = 18064CBE1BA6A702007937ED;
					};
				};
			};
			buildConfigurationList = 18064CBA1BA6A702007937ED /* Build configuration list for PBXProject "customPickView" */;
			compatibilityVersion = "Xcode 3.2";
			developmentRegion = English;
			hasScannedForEncodings = 0;
			knownRegions = (
				en,
				Base,
			);
			mainGroup = 18064CB61BA6A702007937ED;
			productRefGroup = 18064CC01BA6A702007937ED /* Products */;
			projectDirPath = "";
			projectRoot = "";
			targets = (
				18064CBE1BA6A702007937ED /* customPickView */,
				18064CD71BA6A702007937ED /* customPickViewTests */,
			);
		};
/* End PBXProject section */

/* Begin PBXResourcesBuildPhase section */
		18064CBD1BA6A702007937ED /* Resources */ = {
			isa = PBXResourcesBuildPhase;
			buildActionMask = 2147483647;
			files = (
				18064CCE1BA6A702007937ED /* Main.storyboard in Resources */,
				18064CD31BA6A702007937ED /* LaunchScreen.xib in Resources */,
				18064CD01BA6A702007937ED /* Images.xcassets in Resources */,
				18064CEC1BA6A93F007937ED /* LJJCustomPickView.xib in Resources */,
			);
			runOnlyForDeploymentPostprocessing = 0;
		};
		18064CD61BA6A702007937ED /* Resources */ = {
			isa = PBXResourcesBuildPhase;
			buildActionMask = 2147483647;
			files = (
			);
			runOnlyForDeploymentPostprocessing = 0;
		};
/* End PBXResourcesBuildPhase section */

/* Begin PBXSourcesBuildPhase section */
		18064CBB1BA6A702007937ED /* Sources */ = {
			isa = PBXSourcesBuildPhase;
			buildActionMask = 2147483647;
			files = (
				18064CCB1BA6A702007937ED /* ViewController.m in Sources */,
				18064CC81BA6A702007937ED /* AppDelegate.m in Sources */,
				18064CC51BA6A702007937ED /* main.m in Sources */,
				18064CEA1BA6A91B007937ED /* LJJCustomPickView.m in Sources */,
			);
			runOnlyForDeploymentPostprocessing = 0;
		};
		18064CD41BA6A702007937ED /* Sources */ = {
			isa = PBXSourcesBuildPhase;
			buildActionMask = 2147483647;
			files = (
				18064CDF1BA6A702007937ED /* customPickViewTests.m in Sources */,
			);
			runOnlyForDeploymentPostprocessing = 0;
		};
/* End PBXSourcesBuildPhase section */

/* Begin PBXTargetDependency section */
		18064CDA1BA6A702007937ED /* PBXTargetDependency */ = {
			isa = PBXTargetDependency;
			target = 18064CBE1BA6A702007937ED /* customPickView */;
			targetProxy = 18064CD91BA6A702007937ED /* PBXContainerItemProxy */;
		};
/* End PBXTargetDependency section */

/* Begin PBXVariantGroup section */
		18064CCC1BA6A702007937ED /* Main.storyboard */ = {
			isa = PBXVariantGroup;
			children = (
				18064CCD1BA6A702007937ED /* Base */,
			);
			name = Main.storyboard;
			sourceTree = "<group>";
		};
		18064CD11BA6A702007937ED /* LaunchScreen.xib */ = {
			isa = PBXVariantGroup;
			children = (
				18064CD21BA6A702007937ED /* Base */,
			);
			name = LaunchScreen.xib;
			sourceTree = "<group>";
		};
/* End PBXVariantGroup section */

/* Begin XCBuildConfiguration section */
		18064CE01BA6A702007937ED /* Debug */ = {
			isa = XCBuildConfiguration;
			buildSettings = {
				ALWAYS_SEARCH_USER_PATHS = NO;
				CLANG_CXX_LANGUAGE_STANDARD = "gnu++0x";
				CLANG_CXX_LIBRARY = "libc++";
				CLANG_ENABLE_MODULES = YES;
				CLANG_ENABLE_OBJC_ARC = YES;
				CLANG_WARN_BOOL_CONVERSION = YES;
				CLANG_WARN_CONSTANT_CONVERSION = YES;
				CLANG_WARN_DIRECT_OBJC_ISA_USAGE = YES_ERROR;
				CLANG_WARN_EMPTY_BODY = YES;
				CLANG_WARN_ENUM_CONVERSION = YES;
				CLANG_WARN_INT_CONVERSION = YES;
				CLANG_WARN_OBJC_ROOT_CLASS = YES_ERROR;
				CLANG_WARN_UNREACHABLE_CODE = YES;
				CLANG_WARN__DUPLICATE_METHOD_MATCH = YES;
				"CODE_SIGN_IDENTITY[sdk=iphoneos*]" = "iPhone Developer";
				COPY_PHASE_STRIP = NO;
				DEBUG_INFORMATION_FORMAT = "dwarf-with-dsym";
				ENABLE_STRICT_OBJC_MSGSEND = YES;
				GCC_C_LANGUAGE_STANDARD = gnu99;
				GCC_DYNAMIC_NO_PIC = NO;
				GCC_NO_COMMON_BLOCKS = YES;
				GCC_OPTIMIZATION_LEVEL = 0;
				GCC_PREPROCESSOR_DEFINITIONS = (
					"DEBUG=1",
					"$(inherited)",
				);
				GCC_SYMBOLS_PRIVATE_EXTERN = NO;
				GCC_WARN_64_TO_32_BIT_CONVERSION = YES;
				GCC_WARN_ABOUT_RETURN_TYPE = YES_ERROR;
				GCC_WARN_UNDECLARED_SELECTOR = YES;
				GCC_WARN_UNINITIALIZED_AUTOS = YES_AGGRESSIVE;
				GCC_WARN_UNUSED_FUNCTION = YES;
				GCC_WARN_UNUSED_VARIABLE = YES;
				IPHONEOS_DEPLOYMENT_TARGET = 8.4;
				MTL_ENABLE_DEBUG_INFO = YES;
				ONLY_ACTIVE_ARCH = YES;
				SDKROOT = iphoneos;
				TARGETED_DEVICE_FAMILY = "1,2";
			};
			name = Debug;
		};
		18064CE11BA6A702007937ED /* Release */ = {
			isa = XCBuildConfiguration;
			buildSettings = {
				ALWAYS_SEARCH_USER_PATHS = NO;
				CLANG_CXX_LANGUAGE_STANDARD = "gnu++0x";
				CLANG_CXX_LIBRARY = "libc++";
				CLANG_ENABLE_MODULES = YES;
				CLANG_ENABLE_OBJC_ARC = YES;
				CLANG_WARN_BOOL_CONVERSION = YES;
				CLANG_WARN_CONSTANT_CONVERSION = YES;
				CLANG_WARN_DIRECT_OBJC_ISA_USAGE = YES_ERROR;
				CLANG_WARN_EMPTY_BODY = YES;
				CLANG_WARN_ENUM_CONVERSION = YES;
				CLANG_WARN_INT_CONVERSION = YES;
				CLANG_WARN_OBJC_ROOT_CLASS = YES_ERROR;
				CLANG_WARN_UNREACHABLE_CODE = YES;
				CLANG_WARN__DUPLICATE_METHOD_MATCH = YES;
				"CODE_SIGN_IDENTITY[sdk=iphoneos*]" = "iPhone Developer";
				COPY_PHASE_STRIP = NO;
				DEBUG_INFORMATION_FORMAT = "dwarf-with-dsym";
				ENABLE_NS_ASSERTIONS = NO;
				ENABLE_STRICT_OBJC_MSGSEND = YES;
				GCC_C_LANGUAGE_STANDARD = gnu99;
				GCC_NO_COMMON_BLOCKS = YES;
				GCC_WARN_64_TO_32_BIT_CONVERSION = YES;
				GCC_WARN_ABOUT_RETURN_TYPE = YES_ERROR;
				GCC_WARN_UNDECLARED_SELECTOR = YES;
				GCC_WARN_UNINITIALIZED_AUTOS = YES_AGGRESSIVE;
				GCC_WARN_UNUSED_FUNCTION = YES;
				GCC_WARN_UNUSED_VARIABLE = YES;
				IPHONEOS_DEPLOYMENT_TARGET = 8.4;
				MTL_ENABLE_DEBUG_INFO = NO;
				SDKROOT = iphoneos;
				TARGETED_DEVICE_FAMILY = "1,2";
				VALIDATE_PRODUCT = YES;
			};
			name = Release;
		};
		18064CE31BA6A702007937ED /* Debug */ = {
			isa = XCBuildConfiguration;
			buildSettings = {
				ASSETCATALOG_COMPILER_APPICON_NAME = AppIcon;
				INFOPLIST_FILE = customPickView/Info.plist;
				LD_RUNPATH_SEARCH_PATHS = "$(inherited) @executable_path/Frameworks";
				PRODUCT_NAME = "$(TARGET_NAME)";
			};
			name = Debug;
		};
		18064CE41BA6A702007937ED /* Release */ = {
			isa = XCBuildConfiguration;
			buildSettings = {
				ASSETCATALOG_COMPILER_APPICON_NAME = AppIcon;
				INFOPLIST_FILE = customPickView/Info.plist;
				LD_RUNPATH_SEARCH_PATHS = "$(inherited) @executable_path/Frameworks";
				PRODUCT_NAME = "$(TARGET_NAME)";
			};
			name = Release;
		};
		18064CE61BA6A702007937ED /* Debug */ = {
			isa = XCBuildConfiguration;
			buildSettings = {
				BUNDLE_LOADER = "$(TEST_HOST)";
				FRAMEWORK_SEARCH_PATHS = (
					"$(SDKROOT)/Developer/Library/Frameworks",
					"$(inherited)",
				);
				GCC_PREPROCESSOR_DEFINITIONS = (
					"DEBUG=1",
					"$(inherited)",
				);
				INFOPLIST_FILE = customPickViewTests/Info.plist;
				LD_RUNPATH_SEARCH_PATHS = "$(inherited) @executable_path/Frameworks @loader_path/Frameworks";
				PRODUCT_NAME = "$(TARGET_NAME)";
				TEST_HOST = "$(BUILT_PRODUCTS_DIR)/customPickView.app/customPickView";
			};
			name = Debug;
		};
		18064CE71BA6A702007937ED /* Release */ = {
			isa = XCBuildConfiguration;
			buildSettings = {
				BUNDLE_LOADER = "$(TEST_HOST)";
				FRAMEWORK_SEARCH_PATHS = (
					"$(SDKROOT)/Developer/Library/Frameworks",
					"$(inherited)",
				);
				INFOPLIST_FILE = customPickViewTests/Info.plist;
				LD_RUNPATH_SEARCH_PATHS = "$(inherited) @executable_path/Frameworks @loader_path/Frameworks";
				PRODUCT_NAME = "$(TARGET_NAME)";
				TEST_HOST = "$(BUILT_PRODUCTS_DIR)/customPickView.app/customPickView";
			};
			name = Release;
		};
/* End XCBuildConfiguration section */

/* Begin XCConfigurationList section */
		18064CBA1BA6A702007937ED /* Build configuration list for PBXProject "customPickView" */ = {
			isa = XCConfigurationList;
			buildConfigurations = (
				18064CE01BA6A702007937ED /* Debug */,
				18064CE11BA6A702007937ED /* Release */,
			);
			defaultConfigurationIsVisible = 0;
			defaultConfigurationName = Release;
		};
		18064CE21BA6A702007937ED /* Build configuration list for PBXNativeTarget "customPickView" */ = {
			isa = XCConfigurationList;
			buildConfigurations = (
				18064CE31BA6A702007937ED /* Debug */,
				18064CE41BA6A702007937ED /* Release */,
			);
			defaultConfigurationIsVisible = 0;
		};
		18064CE51BA6A702007937ED /* Build configuration list for PBXNativeTarget "customPickViewTests" */ = {
			isa = XCConfigurationList;
			buildConfigurations = (
				18064CE61BA6A702007937ED /* Debug */,
				18064CE71BA6A702007937ED /* Release */,
			);
			defaultConfigurationIsVisible = 0;
		};
/* End XCConfigurationList section */
	};
	rootObject = 18064CB71BA6A702007937ED /* Project object */;
}
